
Microsoft Visual Studio Solution File, Format Version 12.00
# Visual Studio Version 17
VisualStudioVersion = 17.2.32630.192
MinimumVisualStudioVersion = 10.0.40219.1
Project("{FAE04EC0-301F-11D3-BF4B-00C04F79EFBC}") = "OpenWeatherMapExercise", "OpenWeatherMapExercise\OpenWeatherMapExercise.csproj", "{EA08094E-CF5D-4C04-B0D7-717B0F6BDEC1}"
EndProject
Global
	GlobalSection(SolutionConfigurationPlatforms) = preSolution
		Debug|Any CPU = Debug|Any CPU
		Release|Any CPU = Release|Any CPU
	EndGlobalSection
	GlobalSection(ProjectConfigurationPlatforms) = postSolution
		{EA08094E-CF5D-4C04-B0D7-717B0F6BDEC1}.Debug|Any CPU.ActiveCfg = Debug|Any CPU
		{EA08094E-CF5D-4C04-B0D7-717B0F6BDEC1}.Debug|Any CPU.Build.0 = Debug|Any CPU
		{EA08094E-CF5D-4C04-B0D7-717B0F6BDEC1}.Release|Any CPU.ActiveCfg = Release|Any CPU
		{EA08094E-CF5D-4C04-B0D7-717B0F6BDEC1}.Release|Any CPU.Build.0 = Release|Any CPU
	EndGlobalSection
	GlobalSection(SolutionProperties) = preSolution
		HideSolutionNode = FALSE
	EndGlobalSection
	GlobalSection(ExtensibilityGlobals) = postSolution
		SolutionGuid = {3B4CCD1D-2657-459C-8675-4AB0530E159A}
	EndGlobalSection
EndGlobal
